{
  "name": "create-3h-app",
  "version": "0.4.0",
  "lockfileVersion": 2,
  "requires": true,
  "packages": {
    "": {
      "name": "create-3h-app",
      "version": "0.4.0",
      "license": "MIT",
      "dependencies": {
        "3h-cli": "^2.2.1"
      },
      "bin": {
        "create-3h-app": "index.js"
      },
      "devDependencies": {
        "@types/node": "^16.11.19"
      }
    },
    "node_modules/@types/node": {
      "version": "16.11.19",
      "resolved": "https://registry.npmjs.org/@types/node/-/node-16.11.19.tgz",
      "integrity": "sha512-BPAcfDPoHlRQNKktbsbnpACGdypPFBuX4xQlsWDE7B8XXcfII+SpOLay3/qZmCLb39kV5S1RTYwXdkx2lwLYng==",
      "dev": true
    },
    "node_modules/3h-cli": {
      "version": "2.2.1",
      "resolved": "https://registry.npmjs.org/3h-cli/-/3h-cli-2.2.1.tgz",
      "integrity": "sha512-z3CFt0ukc1YnIzWJspUqUiJzXDzUQs1b14/9ltcd0QshvZp0sRdEFho+ZH6s+DxD1PiQk6utRLyK3Jgb4WS0cQ=="
    }
  },
  "dependencies": {
    "@types/node": {
      "version": "16.11.19",
      "resolved": "https://registry.npmjs.org/@types/node/-/node-16.11.19.tgz",
      "integrity": "sha512-BPAcfDPoHlRQNKktbsbnpACGdypPFBuX4xQlsWDE7B8XXcfII+SpOLay3/qZmCLb39kV5S1RTYwXdkx2lwLYng==",
      "dev": true
    },
    "3h-cli": {
      "version": "2.2.1",
      "resolved": "https://registry.npmjs.org/3h-cli/-/3h-cli-2.2.1.tgz",
      "integrity": "sha512-z3CFt0ukc1YnIzWJspUqUiJzXDzUQs1b14/9ltcd0QshvZp0sRdEFho+ZH6s+DxD1PiQk6utRLyK3Jgb4WS0cQ=="
    }
  }
}
